
Microsoft Visual Studio Solution File, Format Version 12.00
# Visual Studio Version 16
VisualStudioVersion = 16.0.30320.27
MinimumVisualStudioVersion = 10.0.40219.1
Project("{FAE04EC0-301F-11D3-BF4B-00C04F79EFBC}") = "AutoCAD2019.Base", "AutoCAD2019.Base\AutoCAD2019.Base.csproj", "{DF8BF611-6181-4695-B548-E5E8AC186FE8}"
EndProject
Global
	GlobalSection(SolutionConfigurationPlatforms) = preSolution
		Debug|Any CPU = Debug|Any CPU
		Release|Any CPU = Release|Any CPU
	EndGlobalSection
	GlobalSection(ProjectConfigurationPlatforms) = postSolution
		{DF8BF611-6181-4695-B548-E5E8AC186FE8}.Debug|Any CPU.ActiveCfg = Debug|Any CPU
		{DF8BF611-6181-4695-B548-E5E8AC186FE8}.Debug|Any CPU.Build.0 = Debug|Any CPU
		{DF8BF611-6181-4695-B548-E5E8AC186FE8}.Release|Any CPU.ActiveCfg = Release|Any CPU
		{DF8BF611-6181-4695-B548-E5E8AC186FE8}.Release|Any CPU.Build.0 = Release|Any CPU
	EndGlobalSection
	GlobalSection(SolutionProperties) = preSolution
		HideSolutionNode = FALSE
	EndGlobalSection
	GlobalSection(ExtensibilityGlobals) = postSolution
		SolutionGuid = {4E43C510-635C-441D-B45B-34A65C6E2B7E}
	EndGlobalSection
EndGlobal
